
Microsoft Visual Studio Solution File, Format Version 12.00
# Visual Studio 15
VisualStudioVersion = 15.0.28307.438
MinimumVisualStudioVersion = 10.0.40219.1
Project("{9A19103F-16F7-4668-BE54-9A1E7A4F7556}") = "Library-WebAPiServer", "Library-WebAPiServer\Library-WebAPiServer.csproj", "{AA79F847-10F4-4D40-8A49-8AE4EA666665}"
EndProject
Project("{9A19103F-16F7-4668-BE54-9A1E7A4F7556}") = "Database", "Database\Database.csproj", "{1CEE0CCB-52CA-4628-87F1-17BD75D62F9B}"
EndProject
Project("{9A19103F-16F7-4668-BE54-9A1E7A4F7556}") = "AuthDatabase", "AuthDatabase\AuthDatabase.csproj", "{0C7742F6-0531-4068-91A2-DE47E55EA920}"
EndProject
Project("{9A19103F-16F7-4668-BE54-9A1E7A4F7556}") = "LibService", "LibService\LibService.csproj", "{0B6F60F0-C21B-46A8-95F4-3197A346D827}"
EndProject
Project("{9A19103F-16F7-4668-BE54-9A1E7A4F7556}") = "BlobService", "BlobService\BlobService.csproj", "{AB73B98D-BC74-49E9-B43D-A82F8A6F12F6}"
EndProject
Project("{9A19103F-16F7-4668-BE54-9A1E7A4F7556}") = "TestConsole", "TestConsole\TestConsole.csproj", "{C34F9090-1760-4FA3-844A-51A1B0732E55}"
EndProject
Global
	GlobalSection(SolutionConfigurationPlatforms) = preSolution
		Debug|Any CPU = Debug|Any CPU
		Release|Any CPU = Release|Any CPU
	EndGlobalSection
	GlobalSection(ProjectConfigurationPlatforms) = postSolution
		{AA79F847-10F4-4D40-8A49-8AE4EA666665}.Debug|Any CPU.ActiveCfg = Debug|Any CPU
		{AA79F847-10F4-4D40-8A49-8AE4EA666665}.Debug|Any CPU.Build.0 = Debug|Any CPU
		{AA79F847-10F4-4D40-8A49-8AE4EA666665}.Release|Any CPU.ActiveCfg = Release|Any CPU
		{AA79F847-10F4-4D40-8A49-8AE4EA666665}.Release|Any CPU.Build.0 = Release|Any CPU
		{1CEE0CCB-52CA-4628-87F1-17BD75D62F9B}.Debug|Any CPU.ActiveCfg = Debug|Any CPU
		{1CEE0CCB-52CA-4628-87F1-17BD75D62F9B}.Debug|Any CPU.Build.0 = Debug|Any CPU
		{1CEE0CCB-52CA-4628-87F1-17BD75D62F9B}.Release|Any CPU.ActiveCfg = Release|Any CPU
		{1CEE0CCB-52CA-4628-87F1-17BD75D62F9B}.Release|Any CPU.Build.0 = Release|Any CPU
		{0C7742F6-0531-4068-91A2-DE47E55EA920}.Debug|Any CPU.ActiveCfg = Debug|Any CPU
		{0C7742F6-0531-4068-91A2-DE47E55EA920}.Debug|Any CPU.Build.0 = Debug|Any CPU
		{0C7742F6-0531-4068-91A2-DE47E55EA920}.Release|Any CPU.ActiveCfg = Release|Any CPU
		{0C7742F6-0531-4068-91A2-DE47E55EA920}.Release|Any CPU.Build.0 = Release|Any CPU
		{0B6F60F0-C21B-46A8-95F4-3197A346D827}.Debug|Any CPU.ActiveCfg = Debug|Any CPU
		{0B6F60F0-C21B-46A8-95F4-3197A346D827}.Debug|Any CPU.Build.0 = Debug|Any CPU
		{0B6F60F0-C21B-46A8-95F4-3197A346D827}.Release|Any CPU.ActiveCfg = Release|Any CPU
		{0B6F60F0-C21B-46A8-95F4-3197A346D827}.Release|Any CPU.Build.0 = Release|Any CPU
		{AB73B98D-BC74-49E9-B43D-A82F8A6F12F6}.Debug|Any CPU.ActiveCfg = Debug|Any CPU
		{AB73B98D-BC74-49E9-B43D-A82F8A6F12F6}.Debug|Any CPU.Build.0 = Debug|Any CPU
		{AB73B98D-BC74-49E9-B43D-A82F8A6F12F6}.Release|Any CPU.ActiveCfg = Release|Any CPU
		{AB73B98D-BC74-49E9-B43D-A82F8A6F12F6}.Release|Any CPU.Build.0 = Release|Any CPU
		{C34F9090-1760-4FA3-844A-51A1B0732E55}.Debug|Any CPU.ActiveCfg = Debug|Any CPU
		{C34F9090-1760-4FA3-844A-51A1B0732E55}.Debug|Any CPU.Build.0 = Debug|Any CPU
		{C34F9090-1760-4FA3-844A-51A1B0732E55}.Release|Any CPU.ActiveCfg = Release|Any CPU
		{C34F9090-1760-4FA3-844A-51A1B0732E55}.Release|Any CPU.Build.0 = Release|Any CPU
	EndGlobalSection
	GlobalSection(SolutionProperties) = preSolution
		HideSolutionNode = FALSE
	EndGlobalSection
	GlobalSection(ExtensibilityGlobals) = postSolution
		SolutionGuid = {F030B390-DC72-4640-B67B-C71DD6D5F374}
	EndGlobalSection
EndGlobal
